
Microsoft Visual Studio Solution File, Format Version 12.00
# Visual Studio 14
VisualStudioVersion = 14.0.25420.1
MinimumVisualStudioVersion = 10.0.40219.1
Project("{FAE04EC0-301F-11D3-BF4B-00C04F79EFBC}") = "app", "app\app.csproj", "{FFC7C937-1104-4B93-B9E7-FFF075744A0C}"
EndProject
Project("{FAE04EC0-301F-11D3-BF4B-00C04F79EFBC}") = "chromeurl", "chromeurl\chromeurl.csproj", "{CAE4B2EF-C39C-4CA7-8AE3-7DA39B4D4431}"
EndProject
Project("{FAE04EC0-301F-11D3-BF4B-00C04F79EFBC}") = "api", "api\api.csproj", "{08EB61E5-D568-4270-9414-C2B021254A84}"
EndProject
Project("{E24C65DC-7377-472B-9ABA-BC803B73C61A}") = "w", "w\", "{81850D0F-37FB-4AA6-B8D6-EBA40D5C49F2}"
	ProjectSection(WebsiteProperties) = preProject
		TargetFrameworkMoniker = ".NETFramework,Version%3Dv4.0"
		Debug.AspNetCompiler.VirtualPath = "/localhost_41256"
		Debug.AspNetCompiler.PhysicalPath = "w\"
		Debug.AspNetCompiler.TargetPath = "PrecompiledWeb\localhost_41256\"
		Debug.AspNetCompiler.Updateable = "true"
		Debug.AspNetCompiler.ForceOverwrite = "true"
		Debug.AspNetCompiler.FixedNames = "false"
		Debug.AspNetCompiler.Debug = "True"
		Release.AspNetCompiler.VirtualPath = "/localhost_41256"
		Release.AspNetCompiler.PhysicalPath = "w\"
		Release.AspNetCompiler.TargetPath = "PrecompiledWeb\localhost_41256\"
		Release.AspNetCompiler.Updateable = "true"
		Release.AspNetCompiler.ForceOverwrite = "true"
		Release.AspNetCompiler.FixedNames = "false"
		Release.AspNetCompiler.Debug = "False"
		VWDPort = "41256"
		SlnRelativePath = "w\"
	EndProjectSection
EndProject
Project("{2150E333-8FDC-42A3-9474-1A3956D46DE8}") = "a", "a", "{2B756714-AF9C-4732-BFA6-902B50C4AFB9}"
EndProject
Project("{FAE04EC0-301F-11D3-BF4B-00C04F79EFBC}") = "cassini", "cassini\cassini.csproj", "{0426146E-C019-43A1-BBD6-2762ADAEC9AF}"
EndProject
Global
	GlobalSection(SolutionConfigurationPlatforms) = preSolution
		Debug_Linux|Any CPU = Debug_Linux|Any CPU
		Debug_Linux|Mixed Platforms = Debug_Linux|Mixed Platforms
		Debug_Linux|x86 = Debug_Linux|x86
		Debug_Windows|Any CPU = Debug_Windows|Any CPU
		Debug_Windows|Mixed Platforms = Debug_Windows|Mixed Platforms
		Debug_Windows|x86 = Debug_Windows|x86
		Debug|Any CPU = Debug|Any CPU
		Debug|Mixed Platforms = Debug|Mixed Platforms
		Debug|x86 = Debug|x86
		Release_Linux|Any CPU = Release_Linux|Any CPU
		Release_Linux|Mixed Platforms = Release_Linux|Mixed Platforms
		Release_Linux|x86 = Release_Linux|x86
		Release_Windows|Any CPU = Release_Windows|Any CPU
		Release_Windows|Mixed Platforms = Release_Windows|Mixed Platforms
		Release_Windows|x86 = Release_Windows|x86
		Release|Any CPU = Release|Any CPU
		Release|Mixed Platforms = Release|Mixed Platforms
		Release|x86 = Release|x86
	EndGlobalSection
	GlobalSection(ProjectConfigurationPlatforms) = postSolution
		{FFC7C937-1104-4B93-B9E7-FFF075744A0C}.Debug_Linux|Any CPU.ActiveCfg = Release|x86
		{FFC7C937-1104-4B93-B9E7-FFF075744A0C}.Debug_Linux|Any CPU.Build.0 = Release|x86
		{FFC7C937-1104-4B93-B9E7-FFF075744A0C}.Debug_Linux|Mixed Platforms.ActiveCfg = Debug|x86
		{FFC7C937-1104-4B93-B9E7-FFF075744A0C}.Debug_Linux|Mixed Platforms.Build.0 = Debug|x86
		{FFC7C937-1104-4B93-B9E7-FFF075744A0C}.Debug_Linux|x86.ActiveCfg = Debug|x86
		{FFC7C937-1104-4B93-B9E7-FFF075744A0C}.Debug_Linux|x86.Build.0 = Debug|x86
		{FFC7C937-1104-4B93-B9E7-FFF075744A0C}.Debug_Windows|Any CPU.ActiveCfg = Release|x86
		{FFC7C937-1104-4B93-B9E7-FFF075744A0C}.Debug_Windows|Any CPU.Build.0 = Release|x86
		{FFC7C937-1104-4B93-B9E7-FFF075744A0C}.Debug_Windows|Mixed Platforms.ActiveCfg = Debug|x86
		{FFC7C937-1104-4B93-B9E7-FFF075744A0C}.Debug_Windows|Mixed Platforms.Build.0 = Debug|x86
		{FFC7C937-1104-4B93-B9E7-FFF075744A0C}.Debug_Windows|x86.ActiveCfg = Debug|x86
		{FFC7C937-1104-4B93-B9E7-FFF075744A0C}.Debug_Windows|x86.Build.0 = Debug|x86
		{FFC7C937-1104-4B93-B9E7-FFF075744A0C}.Debug|Any CPU.ActiveCfg = Debug|x86
		{FFC7C937-1104-4B93-B9E7-FFF075744A0C}.Debug|Mixed Platforms.ActiveCfg = Debug|x86
		{FFC7C937-1104-4B93-B9E7-FFF075744A0C}.Debug|Mixed Platforms.Build.0 = Debug|x86
		{FFC7C937-1104-4B93-B9E7-FFF075744A0C}.Debug|x86.ActiveCfg = Debug|x86
		{FFC7C937-1104-4B93-B9E7-FFF075744A0C}.Debug|x86.Build.0 = Debug|x86
		{FFC7C937-1104-4B93-B9E7-FFF075744A0C}.Release_Linux|Any CPU.ActiveCfg = Release|x86
		{FFC7C937-1104-4B93-B9E7-FFF075744A0C}.Release_Linux|Any CPU.Build.0 = Release|x86
		{FFC7C937-1104-4B93-B9E7-FFF075744A0C}.Release_Linux|Mixed Platforms.ActiveCfg = Release|x86
		{FFC7C937-1104-4B93-B9E7-FFF075744A0C}.Release_Linux|Mixed Platforms.Build.0 = Release|x86
		{FFC7C937-1104-4B93-B9E7-FFF075744A0C}.Release_Linux|x86.ActiveCfg = Release|x86
		{FFC7C937-1104-4B93-B9E7-FFF075744A0C}.Release_Linux|x86.Build.0 = Release|x86
		{FFC7C937-1104-4B93-B9E7-FFF075744A0C}.Release_Windows|Any CPU.ActiveCfg = Release|x86
		{FFC7C937-1104-4B93-B9E7-FFF075744A0C}.Release_Windows|Any CPU.Build.0 = Release|x86
		{FFC7C937-1104-4B93-B9E7-FFF075744A0C}.Release_Windows|Mixed Platforms.ActiveCfg = Release|x86
		{FFC7C937-1104-4B93-B9E7-FFF075744A0C}.Release_Windows|Mixed Platforms.Build.0 = Release|x86
		{FFC7C937-1104-4B93-B9E7-FFF075744A0C}.Release_Windows|x86.ActiveCfg = Release|x86
		{FFC7C937-1104-4B93-B9E7-FFF075744A0C}.Release_Windows|x86.Build.0 = Release|x86
		{FFC7C937-1104-4B93-B9E7-FFF075744A0C}.Release|Any CPU.ActiveCfg = Release|x86
		{FFC7C937-1104-4B93-B9E7-FFF075744A0C}.Release|Mixed Platforms.ActiveCfg = Release|x86
		{FFC7C937-1104-4B93-B9E7-FFF075744A0C}.Release|Mixed Platforms.Build.0 = Release|x86
		{FFC7C937-1104-4B93-B9E7-FFF075744A0C}.Release|x86.ActiveCfg = Release|x86
		{FFC7C937-1104-4B93-B9E7-FFF075744A0C}.Release|x86.Build.0 = Release|x86
		{CAE4B2EF-C39C-4CA7-8AE3-7DA39B4D4431}.Debug_Linux|Any CPU.ActiveCfg = Release|x86
		{CAE4B2EF-C39C-4CA7-8AE3-7DA39B4D4431}.Debug_Linux|Any CPU.Build.0 = Release|x86
		{CAE4B2EF-C39C-4CA7-8AE3-7DA39B4D4431}.Debug_Linux|Mixed Platforms.ActiveCfg = Debug|x86
		{CAE4B2EF-C39C-4CA7-8AE3-7DA39B4D4431}.Debug_Linux|Mixed Platforms.Build.0 = Debug|x86
		{CAE4B2EF-C39C-4CA7-8AE3-7DA39B4D4431}.Debug_Linux|x86.ActiveCfg = Debug|x86
		{CAE4B2EF-C39C-4CA7-8AE3-7DA39B4D4431}.Debug_Linux|x86.Build.0 = Debug|x86
		{CAE4B2EF-C39C-4CA7-8AE3-7DA39B4D4431}.Debug_Windows|Any CPU.ActiveCfg = Release|x86
		{CAE4B2EF-C39C-4CA7-8AE3-7DA39B4D4431}.Debug_Windows|Any CPU.Build.0 = Release|x86
		{CAE4B2EF-C39C-4CA7-8AE3-7DA39B4D4431}.Debug_Windows|Mixed Platforms.ActiveCfg = Debug|x86
		{CAE4B2EF-C39C-4CA7-8AE3-7DA39B4D4431}.Debug_Windows|Mixed Platforms.Build.0 = Debug|x86
		{CAE4B2EF-C39C-4CA7-8AE3-7DA39B4D4431}.Debug_Windows|x86.ActiveCfg = Debug|x86
		{CAE4B2EF-C39C-4CA7-8AE3-7DA39B4D4431}.Debug_Windows|x86.Build.0 = Debug|x86
		{CAE4B2EF-C39C-4CA7-8AE3-7DA39B4D4431}.Debug|Any CPU.ActiveCfg = Debug|x86
		{CAE4B2EF-C39C-4CA7-8AE3-7DA39B4D4431}.Debug|Mixed Platforms.ActiveCfg = Debug|x86
		{CAE4B2EF-C39C-4CA7-8AE3-7DA39B4D4431}.Debug|Mixed Platforms.Build.0 = Debug|x86
		{CAE4B2EF-C39C-4CA7-8AE3-7DA39B4D4431}.Debug|x86.ActiveCfg = Debug|x86
		{CAE4B2EF-C39C-4CA7-8AE3-7DA39B4D4431}.Debug|x86.Build.0 = Debug|x86
		{CAE4B2EF-C39C-4CA7-8AE3-7DA39B4D4431}.Release_Linux|Any CPU.ActiveCfg = Release|x86
		{CAE4B2EF-C39C-4CA7-8AE3-7DA39B4D4431}.Release_Linux|Any CPU.Build.0 = Release|x86
		{CAE4B2EF-C39C-4CA7-8AE3-7DA39B4D4431}.Release_Linux|Mixed Platforms.ActiveCfg = Release|x86
		{CAE4B2EF-C39C-4CA7-8AE3-7DA39B4D4431}.Release_Linux|Mixed Platforms.Build.0 = Release|x86
		{CAE4B2EF-C39C-4CA7-8AE3-7DA39B4D4431}.Release_Linux|x86.ActiveCfg = Release|x86
		{CAE4B2EF-C39C-4CA7-8AE3-7DA39B4D4431}.Release_Linux|x86.Build.0 = Release|x86
		{CAE4B2EF-C39C-4CA7-8AE3-7DA39B4D4431}.Release_Windows|Any CPU.ActiveCfg = Release|x86
		{CAE4B2EF-C39C-4CA7-8AE3-7DA39B4D4431}.Release_Windows|Any CPU.Build.0 = Release|x86
		{CAE4B2EF-C39C-4CA7-8AE3-7DA39B4D4431}.Release_Windows|Mixed Platforms.ActiveCfg = Release|x86
		{CAE4B2EF-C39C-4CA7-8AE3-7DA39B4D4431}.Release_Windows|Mixed Platforms.Build.0 = Release|x86
		{CAE4B2EF-C39C-4CA7-8AE3-7DA39B4D4431}.Release_Windows|x86.ActiveCfg = Release|x86
		{CAE4B2EF-C39C-4CA7-8AE3-7DA39B4D4431}.Release_Windows|x86.Build.0 = Release|x86
		{CAE4B2EF-C39C-4CA7-8AE3-7DA39B4D4431}.Release|Any CPU.ActiveCfg = Release|x86
		{CAE4B2EF-C39C-4CA7-8AE3-7DA39B4D4431}.Release|Mixed Platforms.ActiveCfg = Release|x86
		{CAE4B2EF-C39C-4CA7-8AE3-7DA39B4D4431}.Release|Mixed Platforms.Build.0 = Release|x86
		{CAE4B2EF-C39C-4CA7-8AE3-7DA39B4D4431}.Release|x86.ActiveCfg = Release|x86
		{CAE4B2EF-C39C-4CA7-8AE3-7DA39B4D4431}.Release|x86.Build.0 = Release|x86
		{08EB61E5-D568-4270-9414-C2B021254A84}.Debug_Linux|Any CPU.ActiveCfg = Debug|Any CPU
		{08EB61E5-D568-4270-9414-C2B021254A84}.Debug_Linux|Any CPU.Build.0 = Debug|Any CPU
		{08EB61E5-D568-4270-9414-C2B021254A84}.Debug_Linux|Mixed Platforms.ActiveCfg = Debug|Any CPU
		{08EB61E5-D568-4270-9414-C2B021254A84}.Debug_Linux|Mixed Platforms.Build.0 = Debug|Any CPU
		{08EB61E5-D568-4270-9414-C2B021254A84}.Debug_Linux|x86.ActiveCfg = Debug|Any CPU
		{08EB61E5-D568-4270-9414-C2B021254A84}.Debug_Linux|x86.Build.0 = Debug|Any CPU
		{08EB61E5-D568-4270-9414-C2B021254A84}.Debug_Windows|Any CPU.ActiveCfg = Debug|Any CPU
		{08EB61E5-D568-4270-9414-C2B021254A84}.Debug_Windows|Any CPU.Build.0 = Debug|Any CPU
		{08EB61E5-D568-4270-9414-C2B021254A84}.Debug_Windows|Mixed Platforms.ActiveCfg = Debug|Any CPU
		{08EB61E5-D568-4270-9414-C2B021254A84}.Debug_Windows|Mixed Platforms.Build.0 = Debug|Any CPU
		{08EB61E5-D568-4270-9414-C2B021254A84}.Debug_Windows|x86.ActiveCfg = Debug|Any CPU
		{08EB61E5-D568-4270-9414-C2B021254A84}.Debug_Windows|x86.Build.0 = Debug|Any CPU
		{08EB61E5-D568-4270-9414-C2B021254A84}.Debug|Any CPU.ActiveCfg = Debug|Any CPU
		{08EB61E5-D568-4270-9414-C2B021254A84}.Debug|Any CPU.Build.0 = Debug|Any CPU
		{08EB61E5-D568-4270-9414-C2B021254A84}.Debug|Mixed Platforms.ActiveCfg = Debug|Any CPU
		{08EB61E5-D568-4270-9414-C2B021254A84}.Debug|Mixed Platforms.Build.0 = Debug|Any CPU
		{08EB61E5-D568-4270-9414-C2B021254A84}.Debug|x86.ActiveCfg = Debug|Any CPU
		{08EB61E5-D568-4270-9414-C2B021254A84}.Debug|x86.Build.0 = Debug|Any CPU
		{08EB61E5-D568-4270-9414-C2B021254A84}.Release_Linux|Any CPU.ActiveCfg = Release|Any CPU
		{08EB61E5-D568-4270-9414-C2B021254A84}.Release_Linux|Any CPU.Build.0 = Release|Any CPU
		{08EB61E5-D568-4270-9414-C2B021254A84}.Release_Linux|Mixed Platforms.ActiveCfg = Release|Any CPU
		{08EB61E5-D568-4270-9414-C2B021254A84}.Release_Linux|Mixed Platforms.Build.0 = Release|Any CPU
		{08EB61E5-D568-4270-9414-C2B021254A84}.Release_Linux|x86.ActiveCfg = Release|Any CPU
		{08EB61E5-D568-4270-9414-C2B021254A84}.Release_Linux|x86.Build.0 = Release|Any CPU
		{08EB61E5-D568-4270-9414-C2B021254A84}.Release_Windows|Any CPU.ActiveCfg = Release|Any CPU
		{08EB61E5-D568-4270-9414-C2B021254A84}.Release_Windows|Any CPU.Build.0 = Release|Any CPU
		{08EB61E5-D568-4270-9414-C2B021254A84}.Release_Windows|Mixed Platforms.ActiveCfg = Release|Any CPU
		{08EB61E5-D568-4270-9414-C2B021254A84}.Release_Windows|Mixed Platforms.Build.0 = Release|Any CPU
		{08EB61E5-D568-4270-9414-C2B021254A84}.Release_Windows|x86.ActiveCfg = Release|Any CPU
		{08EB61E5-D568-4270-9414-C2B021254A84}.Release_Windows|x86.Build.0 = Release|Any CPU
		{08EB61E5-D568-4270-9414-C2B021254A84}.Release|Any CPU.ActiveCfg = Release|Any CPU
		{08EB61E5-D568-4270-9414-C2B021254A84}.Release|Any CPU.Build.0 = Release|Any CPU
		{08EB61E5-D568-4270-9414-C2B021254A84}.Release|Mixed Platforms.ActiveCfg = Release|Any CPU
		{08EB61E5-D568-4270-9414-C2B021254A84}.Release|Mixed Platforms.Build.0 = Release|Any CPU
		{08EB61E5-D568-4270-9414-C2B021254A84}.Release|x86.ActiveCfg = Release|Any CPU
		{08EB61E5-D568-4270-9414-C2B021254A84}.Release|x86.Build.0 = Release|Any CPU
		{81850D0F-37FB-4AA6-B8D6-EBA40D5C49F2}.Debug_Linux|Any CPU.ActiveCfg = Debug|Any CPU
		{81850D0F-37FB-4AA6-B8D6-EBA40D5C49F2}.Debug_Linux|Any CPU.Build.0 = Debug|Any CPU
		{81850D0F-37FB-4AA6-B8D6-EBA40D5C49F2}.Debug_Linux|Mixed Platforms.ActiveCfg = Debug|Any CPU
		{81850D0F-37FB-4AA6-B8D6-EBA40D5C49F2}.Debug_Linux|Mixed Platforms.Build.0 = Debug|Any CPU
		{81850D0F-37FB-4AA6-B8D6-EBA40D5C49F2}.Debug_Linux|x86.ActiveCfg = Debug|Any CPU
		{81850D0F-37FB-4AA6-B8D6-EBA40D5C49F2}.Debug_Linux|x86.Build.0 = Debug|Any CPU
		{81850D0F-37FB-4AA6-B8D6-EBA40D5C49F2}.Debug_Windows|Any CPU.ActiveCfg = Debug|Any CPU
		{81850D0F-37FB-4AA6-B8D6-EBA40D5C49F2}.Debug_Windows|Any CPU.Build.0 = Debug|Any CPU
		{81850D0F-37FB-4AA6-B8D6-EBA40D5C49F2}.Debug_Windows|Mixed Platforms.ActiveCfg = Debug|Any CPU
		{81850D0F-37FB-4AA6-B8D6-EBA40D5C49F2}.Debug_Windows|Mixed Platforms.Build.0 = Debug|Any CPU
		{81850D0F-37FB-4AA6-B8D6-EBA40D5C49F2}.Debug_Windows|x86.ActiveCfg = Debug|Any CPU
		{81850D0F-37FB-4AA6-B8D6-EBA40D5C49F2}.Debug_Windows|x86.Build.0 = Debug|Any CPU
		{81850D0F-37FB-4AA6-B8D6-EBA40D5C49F2}.Debug|Any CPU.ActiveCfg = Debug|Any CPU
		{81850D0F-37FB-4AA6-B8D6-EBA40D5C49F2}.Debug|Any CPU.Build.0 = Debug|Any CPU
		{81850D0F-37FB-4AA6-B8D6-EBA40D5C49F2}.Debug|Mixed Platforms.ActiveCfg = Debug|Any CPU
		{81850D0F-37FB-4AA6-B8D6-EBA40D5C49F2}.Debug|Mixed Platforms.Build.0 = Debug|Any CPU
		{81850D0F-37FB-4AA6-B8D6-EBA40D5C49F2}.Debug|x86.ActiveCfg = Debug|Any CPU
		{81850D0F-37FB-4AA6-B8D6-EBA40D5C49F2}.Debug|x86.Build.0 = Debug|Any CPU
		{81850D0F-37FB-4AA6-B8D6-EBA40D5C49F2}.Release_Linux|Any CPU.ActiveCfg = Debug|Any CPU
		{81850D0F-37FB-4AA6-B8D6-EBA40D5C49F2}.Release_Linux|Any CPU.Build.0 = Debug|Any CPU
		{81850D0F-37FB-4AA6-B8D6-EBA40D5C49F2}.Release_Linux|Mixed Platforms.ActiveCfg = Debug|Any CPU
		{81850D0F-37FB-4AA6-B8D6-EBA40D5C49F2}.Release_Linux|Mixed Platforms.Build.0 = Debug|Any CPU
		{81850D0F-37FB-4AA6-B8D6-EBA40D5C49F2}.Release_Linux|x86.ActiveCfg = Debug|Any CPU
		{81850D0F-37FB-4AA6-B8D6-EBA40D5C49F2}.Release_Linux|x86.Build.0 = Debug|Any CPU
		{81850D0F-37FB-4AA6-B8D6-EBA40D5C49F2}.Release_Windows|Any CPU.ActiveCfg = Debug|Any CPU
		{81850D0F-37FB-4AA6-B8D6-EBA40D5C49F2}.Release_Windows|Any CPU.Build.0 = Debug|Any CPU
		{81850D0F-37FB-4AA6-B8D6-EBA40D5C49F2}.Release_Windows|Mixed Platforms.ActiveCfg = Debug|Any CPU
		{81850D0F-37FB-4AA6-B8D6-EBA40D5C49F2}.Release_Windows|Mixed Platforms.Build.0 = Debug|Any CPU
		{81850D0F-37FB-4AA6-B8D6-EBA40D5C49F2}.Release_Windows|x86.ActiveCfg = Debug|Any CPU
		{81850D0F-37FB-4AA6-B8D6-EBA40D5C49F2}.Release_Windows|x86.Build.0 = Debug|Any CPU
		{81850D0F-37FB-4AA6-B8D6-EBA40D5C49F2}.Release|Any CPU.ActiveCfg = Debug|Any CPU
		{81850D0F-37FB-4AA6-B8D6-EBA40D5C49F2}.Release|Any CPU.Build.0 = Debug|Any CPU
		{81850D0F-37FB-4AA6-B8D6-EBA40D5C49F2}.Release|Mixed Platforms.ActiveCfg = Debug|Any CPU
		{81850D0F-37FB-4AA6-B8D6-EBA40D5C49F2}.Release|Mixed Platforms.Build.0 = Debug|Any CPU
		{81850D0F-37FB-4AA6-B8D6-EBA40D5C49F2}.Release|x86.ActiveCfg = Debug|Any CPU
		{81850D0F-37FB-4AA6-B8D6-EBA40D5C49F2}.Release|x86.Build.0 = Debug|Any CPU
		{0426146E-C019-43A1-BBD6-2762ADAEC9AF}.Debug_Linux|Any CPU.ActiveCfg = Debug|Any CPU
		{0426146E-C019-43A1-BBD6-2762ADAEC9AF}.Debug_Linux|Any CPU.Build.0 = Debug|Any CPU
		{0426146E-C019-43A1-BBD6-2762ADAEC9AF}.Debug_Linux|Mixed Platforms.ActiveCfg = Debug|Any CPU
		{0426146E-C019-43A1-BBD6-2762ADAEC9AF}.Debug_Linux|Mixed Platforms.Build.0 = Debug|Any CPU
		{0426146E-C019-43A1-BBD6-2762ADAEC9AF}.Debug_Linux|x86.ActiveCfg = Debug|Any CPU
		{0426146E-C019-43A1-BBD6-2762ADAEC9AF}.Debug_Linux|x86.Build.0 = Debug|Any CPU
		{0426146E-C019-43A1-BBD6-2762ADAEC9AF}.Debug_Windows|Any CPU.ActiveCfg = Debug|Any CPU
		{0426146E-C019-43A1-BBD6-2762ADAEC9AF}.Debug_Windows|Any CPU.Build.0 = Debug|Any CPU
		{0426146E-C019-43A1-BBD6-2762ADAEC9AF}.Debug_Windows|Mixed Platforms.ActiveCfg = Debug|Any CPU
		{0426146E-C019-43A1-BBD6-2762ADAEC9AF}.Debug_Windows|Mixed Platforms.Build.0 = Debug|Any CPU
		{0426146E-C019-43A1-BBD6-2762ADAEC9AF}.Debug_Windows|x86.ActiveCfg = Debug|Any CPU
		{0426146E-C019-43A1-BBD6-2762ADAEC9AF}.Debug_Windows|x86.Build.0 = Debug|Any CPU
		{0426146E-C019-43A1-BBD6-2762ADAEC9AF}.Debug|Any CPU.ActiveCfg = Debug|Any CPU
		{0426146E-C019-43A1-BBD6-2762ADAEC9AF}.Debug|Any CPU.Build.0 = Debug|Any CPU
		{0426146E-C019-43A1-BBD6-2762ADAEC9AF}.Debug|Mixed Platforms.ActiveCfg = Debug|Any CPU
		{0426146E-C019-43A1-BBD6-2762ADAEC9AF}.Debug|Mixed Platforms.Build.0 = Debug|Any CPU
		{0426146E-C019-43A1-BBD6-2762ADAEC9AF}.Debug|x86.ActiveCfg = Debug|Any CPU
		{0426146E-C019-43A1-BBD6-2762ADAEC9AF}.Debug|x86.Build.0 = Debug|Any CPU
		{0426146E-C019-43A1-BBD6-2762ADAEC9AF}.Release_Linux|Any CPU.ActiveCfg = Release|Any CPU
		{0426146E-C019-43A1-BBD6-2762ADAEC9AF}.Release_Linux|Any CPU.Build.0 = Release|Any CPU
		{0426146E-C019-43A1-BBD6-2762ADAEC9AF}.Release_Linux|Mixed Platforms.ActiveCfg = Release|Any CPU
		{0426146E-C019-43A1-BBD6-2762ADAEC9AF}.Release_Linux|Mixed Platforms.Build.0 = Release|Any CPU
		{0426146E-C019-43A1-BBD6-2762ADAEC9AF}.Release_Linux|x86.ActiveCfg = Release|Any CPU
		{0426146E-C019-43A1-BBD6-2762ADAEC9AF}.Release_Linux|x86.Build.0 = Release|Any CPU
		{0426146E-C019-43A1-BBD6-2762ADAEC9AF}.Release_Windows|Any CPU.ActiveCfg = Release|Any CPU
		{0426146E-C019-43A1-BBD6-2762ADAEC9AF}.Release_Windows|Any CPU.Build.0 = Release|Any CPU
		{0426146E-C019-43A1-BBD6-2762ADAEC9AF}.Release_Windows|Mixed Platforms.ActiveCfg = Release|Any CPU
		{0426146E-C019-43A1-BBD6-2762ADAEC9AF}.Release_Windows|Mixed Platforms.Build.0 = Release|Any CPU
		{0426146E-C019-43A1-BBD6-2762ADAEC9AF}.Release_Windows|x86.ActiveCfg = Release|Any CPU
		{0426146E-C019-43A1-BBD6-2762ADAEC9AF}.Release_Windows|x86.Build.0 = Release|Any CPU
		{0426146E-C019-43A1-BBD6-2762ADAEC9AF}.Release|Any CPU.ActiveCfg = Release|Any CPU
		{0426146E-C019-43A1-BBD6-2762ADAEC9AF}.Release|Any CPU.Build.0 = Release|Any CPU
		{0426146E-C019-43A1-BBD6-2762ADAEC9AF}.Release|Mixed Platforms.ActiveCfg = Release|Any CPU
		{0426146E-C019-43A1-BBD6-2762ADAEC9AF}.Release|Mixed Platforms.Build.0 = Release|Any CPU
		{0426146E-C019-43A1-BBD6-2762ADAEC9AF}.Release|x86.ActiveCfg = Release|Any CPU
		{0426146E-C019-43A1-BBD6-2762ADAEC9AF}.Release|x86.Build.0 = Release|Any CPU
	EndGlobalSection
	GlobalSection(SolutionProperties) = preSolution
		HideSolutionNode = FALSE
	EndGlobalSection
	GlobalSection(NestedProjects) = preSolution
		{FFC7C937-1104-4B93-B9E7-FFF075744A0C} = {2B756714-AF9C-4732-BFA6-902B50C4AFB9}
		{CAE4B2EF-C39C-4CA7-8AE3-7DA39B4D4431} = {2B756714-AF9C-4732-BFA6-902B50C4AFB9}
		{08EB61E5-D568-4270-9414-C2B021254A84} = {2B756714-AF9C-4732-BFA6-902B50C4AFB9}
		{81850D0F-37FB-4AA6-B8D6-EBA40D5C49F2} = {2B756714-AF9C-4732-BFA6-902B50C4AFB9}
		{0426146E-C019-43A1-BBD6-2762ADAEC9AF} = {2B756714-AF9C-4732-BFA6-902B50C4AFB9}
	EndGlobalSection
EndGlobal
